
Microsoft Visual Studio Solution File, Format Version 12.00
# Visual Studio Version 17
VisualStudioVersion = 17.6.33801.468
MinimumVisualStudioVersion = 10.0.40219.1
Project("{FAE04EC0-301F-11D3-BF4B-00C04F79EFBC}") = "ConsoleApp3", "ConsoleApp3\ConsoleApp3.csproj", "{22A58DD8-C290-4E6B-A06D-54354F2F2BF9}"
EndProject
Global
	GlobalSection(SolutionConfigurationPlatforms) = preSolution
		Debug|Any CPU = Debug|Any CPU
		Release|Any CPU = Release|Any CPU
	EndGlobalSection
	GlobalSection(ProjectConfigurationPlatforms) = postSolution
		{22A58DD8-C290-4E6B-A06D-54354F2F2BF9}.Debug|Any CPU.ActiveCfg = Debug|Any CPU
		{22A58DD8-C290-4E6B-A06D-54354F2F2BF9}.Debug|Any CPU.Build.0 = Debug|Any CPU
		{22A58DD8-C290-4E6B-A06D-54354F2F2BF9}.Release|Any CPU.ActiveCfg = Release|Any CPU
		{22A58DD8-C290-4E6B-A06D-54354F2F2BF9}.Release|Any CPU.Build.0 = Release|Any CPU
	EndGlobalSection
	GlobalSection(SolutionProperties) = preSolution
		HideSolutionNode = FALSE
	EndGlobalSection
	GlobalSection(ExtensibilityGlobals) = postSolution
		SolutionGuid = {F52B65F1-4556-4D3D-8A1D-2E9E58688BCF}
	EndGlobalSection
EndGlobal
